
Microsoft Visual Studio Solution File, Format Version 12.00
# Visual Studio 15
VisualStudioVersion = 15.0.28307.329
MinimumVisualStudioVersion = 10.0.40219.1
Project("{FAE04EC0-301F-11D3-BF4B-00C04F79EFBC}") = "Arrays", "Arrays\Arrays.csproj", "{8A746989-5D3B-40E9-89FE-42A3C430D0B0}"
EndProject
Global
	GlobalSection(SolutionConfigurationPlatforms) = preSolution
		Debug|Any CPU = Debug|Any CPU
		Release|Any CPU = Release|Any CPU
	EndGlobalSection
	GlobalSection(ProjectConfigurationPlatforms) = postSolution
		{8A746989-5D3B-40E9-89FE-42A3C430D0B0}.Debug|Any CPU.ActiveCfg = Debug|Any CPU
		{8A746989-5D3B-40E9-89FE-42A3C430D0B0}.Debug|Any CPU.Build.0 = Debug|Any CPU
		{8A746989-5D3B-40E9-89FE-42A3C430D0B0}.Release|Any CPU.ActiveCfg = Release|Any CPU
		{8A746989-5D3B-40E9-89FE-42A3C430D0B0}.Release|Any CPU.Build.0 = Release|Any CPU
	EndGlobalSection
	GlobalSection(SolutionProperties) = preSolution
		HideSolutionNode = FALSE
	EndGlobalSection
	GlobalSection(ExtensibilityGlobals) = postSolution
		SolutionGuid = {EB03AB96-F42B-49A6-B95D-4E264B4065E3}
	EndGlobalSection
EndGlobal
